
Microsoft Visual Studio Solution File, Format Version 12.00
Project("{FAE04EC0-301F-11D3-BF4B-00C04F79EFBC}") = "Exercise 3", "Exercise 3\Exercise 3.csproj", "{3F126C4D-D289-44FD-9CAA-0EC959161030}"
EndProject
Project("{FAE04EC0-301F-11D3-BF4B-00C04F79EFBC}") = "Exercise 4", "Exercise 4\Exercise 4.csproj", "{ED2C3F77-0D9C-4961-B25B-D03752C54F28}"
EndProject
Project("{FAE04EC0-301F-11D3-BF4B-00C04F79EFBC}") = "Exercise 5", "Exercise 5\Exercise 5.csproj", "{A7E3D389-188D-43D6-91D2-D0EF061075AF}"
EndProject
Project("{FAE04EC0-301F-11D3-BF4B-00C04F79EFBC}") = "Exercise 6", "Exercise 6\Exercise 6.csproj", "{87B56368-DCD7-4660-A20A-FC05F56E7A0F}"
EndProject
Project("{FAE04EC0-301F-11D3-BF4B-00C04F79EFBC}") = "Exercise 7", "Exercise 7\Exercise 7.csproj", "{B11E3984-F3BD-4980-9D34-F2140184C939}"
EndProject
Project("{FAE04EC0-301F-11D3-BF4B-00C04F79EFBC}") = "Exercise 8", "Exercise 8\Exercise 8.csproj", "{D6861A7D-D0A6-4B54-AED8-FA84AF0733CC}"
EndProject
Project("{FAE04EC0-301F-11D3-BF4B-00C04F79EFBC}") = "exercise 9", "exercise 9\exercise 9.csproj", "{D40B7FFD-F49A-4108-98E5-E6F95166051C}"
EndProject
Project("{FAE04EC0-301F-11D3-BF4B-00C04F79EFBC}") = "Exercise 10", "Exercise 10\Exercise 10.csproj", "{B77614AD-3288-405F-9055-C36DAD54D864}"
EndProject
Project("{FAE04EC0-301F-11D3-BF4B-00C04F79EFBC}") = "Exercise 11", "Exercise 11\Exercise 11.csproj", "{DA45C605-00D0-4B98-9FEC-A4B6FC47FCF3}"
EndProject
Project("{FAE04EC0-301F-11D3-BF4B-00C04F79EFBC}") = "Exercise 12", "Exercise 12\Exercise 12.csproj", "{E279DF75-A5AA-4F71-B3C5-43F8AEF39217}"
EndProject
Project("{FAE04EC0-301F-11D3-BF4B-00C04F79EFBC}") = "Exercise 13", "Exercise 13\Exercise 13.csproj", "{D8CD4842-BF09-444B-857E-E8015943B640}"
EndProject
Project("{FAE04EC0-301F-11D3-BF4B-00C04F79EFBC}") = "Exercise 14", "Exercise 14\Exercise 14.csproj", "{9849B837-820C-4D84-A491-1B6ADC3D880C}"
EndProject
Project("{FAE04EC0-301F-11D3-BF4B-00C04F79EFBC}") = "Exercise 15", "Exercise 15\Exercise 15.csproj", "{3139E467-73D7-47B3-BA6B-314B62241958}"
EndProject
Project("{FAE04EC0-301F-11D3-BF4B-00C04F79EFBC}") = "Exercise 16", "Exercise 16\Exercise 16.csproj", "{E8563143-8860-41C3-95B3-7F8CDE1192D0}"
EndProject
Project("{FAE04EC0-301F-11D3-BF4B-00C04F79EFBC}") = "Exercise 17", "Exercise 17\Exercise 17.csproj", "{0F753901-C2BE-451A-A829-BF2EF74522F3}"
EndProject
Project("{FAE04EC0-301F-11D3-BF4B-00C04F79EFBC}") = "Exercise 18", "Exercise 18\Exercise 18.csproj", "{AC8860A1-AE9D-4BB6-9185-807D6AA90FBC}"
EndProject
Project("{FAE04EC0-301F-11D3-BF4B-00C04F79EFBC}") = "Exercise 19", "Exercise 19\Exercise 19.csproj", "{60EB4BFC-644C-40F9-A084-C9D3B78826AB}"
EndProject
Project("{FAE04EC0-301F-11D3-BF4B-00C04F79EFBC}") = "Exercise 20", "Exercise 20\Exercise 20\Exercise 20.csproj", "{E837655C-B713-4B4E-8480-C857F0A5B331}"
EndProject
Project("{FAE04EC0-301F-11D3-BF4B-00C04F79EFBC}") = "Exercise 21", "Exercise 21\Exercise 21.csproj", "{E03870B4-ACA3-45ED-AA56-D8D30F2C2C7B}"
EndProject
Project("{FAE04EC0-301F-11D3-BF4B-00C04F79EFBC}") = "Exercise 22", "Exercise 22\Exercise 22.csproj", "{38D89068-0438-4DA6-AB70-A586B8307297}"
EndProject
Project("{FAE04EC0-301F-11D3-BF4B-00C04F79EFBC}") = "Exercise 23", "Exercise 23\Exercise 23.csproj", "{7519DFBD-7B42-4BD0-B9EE-2A3180384A19}"
EndProject
Project("{FAE04EC0-301F-11D3-BF4B-00C04F79EFBC}") = "Exercise 24", "Exercise 24\Exercise 24.csproj", "{62BBF182-340E-4DC8-9B41-0C5DCFBF3EE9}"
EndProject
Project("{FAE04EC0-301F-11D3-BF4B-00C04F79EFBC}") = "Exercise 25", "Exercise 25\Exercise 25.csproj", "{F2BA1785-A20A-4BFD-B59B-F53C3FAC7AAB}"
EndProject
Project("{FAE04EC0-301F-11D3-BF4B-00C04F79EFBC}") = "Exercise 26", "Exercise 26\Exercise 26.csproj", "{F9FD0656-376A-4E9E-A75E-0FEFD4E46EBB}"
EndProject
Project("{FAE04EC0-301F-11D3-BF4B-00C04F79EFBC}") = "Exercise 27", "Exercise 27\Exercise 27.csproj", "{36BE57D2-F75D-4673-B5A4-49CA90598239}"
EndProject
Project("{FAE04EC0-301F-11D3-BF4B-00C04F79EFBC}") = "Exercise 28", "Exercise 28\Exercise 28.csproj", "{38B9B4F2-D65A-4062-A8DC-890A7C025630}"
EndProject
Global
	GlobalSection(SolutionConfigurationPlatforms) = preSolution
		Debug|Any CPU = Debug|Any CPU
		Release|Any CPU = Release|Any CPU
	EndGlobalSection
	GlobalSection(ProjectConfigurationPlatforms) = postSolution
		{3F126C4D-D289-44FD-9CAA-0EC959161030}.Debug|Any CPU.ActiveCfg = Debug|Any CPU
		{3F126C4D-D289-44FD-9CAA-0EC959161030}.Debug|Any CPU.Build.0 = Debug|Any CPU
		{3F126C4D-D289-44FD-9CAA-0EC959161030}.Release|Any CPU.ActiveCfg = Release|Any CPU
		{3F126C4D-D289-44FD-9CAA-0EC959161030}.Release|Any CPU.Build.0 = Release|Any CPU
		{ED2C3F77-0D9C-4961-B25B-D03752C54F28}.Debug|Any CPU.ActiveCfg = Debug|Any CPU
		{ED2C3F77-0D9C-4961-B25B-D03752C54F28}.Debug|Any CPU.Build.0 = Debug|Any CPU
		{ED2C3F77-0D9C-4961-B25B-D03752C54F28}.Release|Any CPU.ActiveCfg = Release|Any CPU
		{ED2C3F77-0D9C-4961-B25B-D03752C54F28}.Release|Any CPU.Build.0 = Release|Any CPU
		{A7E3D389-188D-43D6-91D2-D0EF061075AF}.Debug|Any CPU.ActiveCfg = Debug|Any CPU
		{A7E3D389-188D-43D6-91D2-D0EF061075AF}.Debug|Any CPU.Build.0 = Debug|Any CPU
		{A7E3D389-188D-43D6-91D2-D0EF061075AF}.Release|Any CPU.ActiveCfg = Release|Any CPU
		{A7E3D389-188D-43D6-91D2-D0EF061075AF}.Release|Any CPU.Build.0 = Release|Any CPU
		{87B56368-DCD7-4660-A20A-FC05F56E7A0F}.Debug|Any CPU.ActiveCfg = Debug|Any CPU
		{87B56368-DCD7-4660-A20A-FC05F56E7A0F}.Debug|Any CPU.Build.0 = Debug|Any CPU
		{87B56368-DCD7-4660-A20A-FC05F56E7A0F}.Release|Any CPU.ActiveCfg = Release|Any CPU
		{87B56368-DCD7-4660-A20A-FC05F56E7A0F}.Release|Any CPU.Build.0 = Release|Any CPU
		{B11E3984-F3BD-4980-9D34-F2140184C939}.Debug|Any CPU.ActiveCfg = Debug|Any CPU
		{B11E3984-F3BD-4980-9D34-F2140184C939}.Debug|Any CPU.Build.0 = Debug|Any CPU
		{B11E3984-F3BD-4980-9D34-F2140184C939}.Release|Any CPU.ActiveCfg = Release|Any CPU
		{B11E3984-F3BD-4980-9D34-F2140184C939}.Release|Any CPU.Build.0 = Release|Any CPU
		{D6861A7D-D0A6-4B54-AED8-FA84AF0733CC}.Debug|Any CPU.ActiveCfg = Debug|Any CPU
		{D6861A7D-D0A6-4B54-AED8-FA84AF0733CC}.Debug|Any CPU.Build.0 = Debug|Any CPU
		{D6861A7D-D0A6-4B54-AED8-FA84AF0733CC}.Release|Any CPU.ActiveCfg = Release|Any CPU
		{D6861A7D-D0A6-4B54-AED8-FA84AF0733CC}.Release|Any CPU.Build.0 = Release|Any CPU
		{D40B7FFD-F49A-4108-98E5-E6F95166051C}.Debug|Any CPU.ActiveCfg = Debug|Any CPU
		{D40B7FFD-F49A-4108-98E5-E6F95166051C}.Debug|Any CPU.Build.0 = Debug|Any CPU
		{D40B7FFD-F49A-4108-98E5-E6F95166051C}.Release|Any CPU.ActiveCfg = Release|Any CPU
		{D40B7FFD-F49A-4108-98E5-E6F95166051C}.Release|Any CPU.Build.0 = Release|Any CPU
		{B77614AD-3288-405F-9055-C36DAD54D864}.Debug|Any CPU.ActiveCfg = Debug|Any CPU
		{B77614AD-3288-405F-9055-C36DAD54D864}.Debug|Any CPU.Build.0 = Debug|Any CPU
		{B77614AD-3288-405F-9055-C36DAD54D864}.Release|Any CPU.ActiveCfg = Release|Any CPU
		{B77614AD-3288-405F-9055-C36DAD54D864}.Release|Any CPU.Build.0 = Release|Any CPU
		{DA45C605-00D0-4B98-9FEC-A4B6FC47FCF3}.Debug|Any CPU.ActiveCfg = Debug|Any CPU
		{DA45C605-00D0-4B98-9FEC-A4B6FC47FCF3}.Debug|Any CPU.Build.0 = Debug|Any CPU
		{DA45C605-00D0-4B98-9FEC-A4B6FC47FCF3}.Release|Any CPU.ActiveCfg = Release|Any CPU
		{DA45C605-00D0-4B98-9FEC-A4B6FC47FCF3}.Release|Any CPU.Build.0 = Release|Any CPU
		{E279DF75-A5AA-4F71-B3C5-43F8AEF39217}.Debug|Any CPU.ActiveCfg = Debug|Any CPU
		{E279DF75-A5AA-4F71-B3C5-43F8AEF39217}.Debug|Any CPU.Build.0 = Debug|Any CPU
		{E279DF75-A5AA-4F71-B3C5-43F8AEF39217}.Release|Any CPU.ActiveCfg = Release|Any CPU
		{E279DF75-A5AA-4F71-B3C5-43F8AEF39217}.Release|Any CPU.Build.0 = Release|Any CPU
		{D8CD4842-BF09-444B-857E-E8015943B640}.Debug|Any CPU.ActiveCfg = Debug|Any CPU
		{D8CD4842-BF09-444B-857E-E8015943B640}.Debug|Any CPU.Build.0 = Debug|Any CPU
		{D8CD4842-BF09-444B-857E-E8015943B640}.Release|Any CPU.ActiveCfg = Release|Any CPU
		{D8CD4842-BF09-444B-857E-E8015943B640}.Release|Any CPU.Build.0 = Release|Any CPU
		{9849B837-820C-4D84-A491-1B6ADC3D880C}.Debug|Any CPU.ActiveCfg = Debug|Any CPU
		{9849B837-820C-4D84-A491-1B6ADC3D880C}.Debug|Any CPU.Build.0 = Debug|Any CPU
		{9849B837-820C-4D84-A491-1B6ADC3D880C}.Release|Any CPU.ActiveCfg = Release|Any CPU
		{9849B837-820C-4D84-A491-1B6ADC3D880C}.Release|Any CPU.Build.0 = Release|Any CPU
		{3139E467-73D7-47B3-BA6B-314B62241958}.Debug|Any CPU.ActiveCfg = Debug|Any CPU
		{3139E467-73D7-47B3-BA6B-314B62241958}.Debug|Any CPU.Build.0 = Debug|Any CPU
		{3139E467-73D7-47B3-BA6B-314B62241958}.Release|Any CPU.ActiveCfg = Release|Any CPU
		{3139E467-73D7-47B3-BA6B-314B62241958}.Release|Any CPU.Build.0 = Release|Any CPU
		{E8563143-8860-41C3-95B3-7F8CDE1192D0}.Debug|Any CPU.ActiveCfg = Debug|Any CPU
		{E8563143-8860-41C3-95B3-7F8CDE1192D0}.Debug|Any CPU.Build.0 = Debug|Any CPU
		{E8563143-8860-41C3-95B3-7F8CDE1192D0}.Release|Any CPU.ActiveCfg = Release|Any CPU
		{E8563143-8860-41C3-95B3-7F8CDE1192D0}.Release|Any CPU.Build.0 = Release|Any CPU
		{0F753901-C2BE-451A-A829-BF2EF74522F3}.Debug|Any CPU.ActiveCfg = Debug|Any CPU
		{0F753901-C2BE-451A-A829-BF2EF74522F3}.Debug|Any CPU.Build.0 = Debug|Any CPU
		{0F753901-C2BE-451A-A829-BF2EF74522F3}.Release|Any CPU.ActiveCfg = Release|Any CPU
		{0F753901-C2BE-451A-A829-BF2EF74522F3}.Release|Any CPU.Build.0 = Release|Any CPU
		{AC8860A1-AE9D-4BB6-9185-807D6AA90FBC}.Debug|Any CPU.ActiveCfg = Debug|Any CPU
		{AC8860A1-AE9D-4BB6-9185-807D6AA90FBC}.Debug|Any CPU.Build.0 = Debug|Any CPU
		{AC8860A1-AE9D-4BB6-9185-807D6AA90FBC}.Release|Any CPU.ActiveCfg = Release|Any CPU
		{AC8860A1-AE9D-4BB6-9185-807D6AA90FBC}.Release|Any CPU.Build.0 = Release|Any CPU
		{60EB4BFC-644C-40F9-A084-C9D3B78826AB}.Debug|Any CPU.ActiveCfg = Debug|Any CPU
		{60EB4BFC-644C-40F9-A084-C9D3B78826AB}.Debug|Any CPU.Build.0 = Debug|Any CPU
		{60EB4BFC-644C-40F9-A084-C9D3B78826AB}.Release|Any CPU.ActiveCfg = Release|Any CPU
		{60EB4BFC-644C-40F9-A084-C9D3B78826AB}.Release|Any CPU.Build.0 = Release|Any CPU
		{E837655C-B713-4B4E-8480-C857F0A5B331}.Debug|Any CPU.ActiveCfg = Debug|Any CPU
		{E837655C-B713-4B4E-8480-C857F0A5B331}.Debug|Any CPU.Build.0 = Debug|Any CPU
		{E837655C-B713-4B4E-8480-C857F0A5B331}.Release|Any CPU.ActiveCfg = Release|Any CPU
		{E837655C-B713-4B4E-8480-C857F0A5B331}.Release|Any CPU.Build.0 = Release|Any CPU
		{E03870B4-ACA3-45ED-AA56-D8D30F2C2C7B}.Debug|Any CPU.ActiveCfg = Debug|Any CPU
		{E03870B4-ACA3-45ED-AA56-D8D30F2C2C7B}.Debug|Any CPU.Build.0 = Debug|Any CPU
		{E03870B4-ACA3-45ED-AA56-D8D30F2C2C7B}.Release|Any CPU.ActiveCfg = Release|Any CPU
		{E03870B4-ACA3-45ED-AA56-D8D30F2C2C7B}.Release|Any CPU.Build.0 = Release|Any CPU
		{38D89068-0438-4DA6-AB70-A586B8307297}.Debug|Any CPU.ActiveCfg = Debug|Any CPU
		{38D89068-0438-4DA6-AB70-A586B8307297}.Debug|Any CPU.Build.0 = Debug|Any CPU
		{38D89068-0438-4DA6-AB70-A586B8307297}.Release|Any CPU.ActiveCfg = Release|Any CPU
		{38D89068-0438-4DA6-AB70-A586B8307297}.Release|Any CPU.Build.0 = Release|Any CPU
		{7519DFBD-7B42-4BD0-B9EE-2A3180384A19}.Debug|Any CPU.ActiveCfg = Debug|Any CPU
		{7519DFBD-7B42-4BD0-B9EE-2A3180384A19}.Debug|Any CPU.Build.0 = Debug|Any CPU
		{7519DFBD-7B42-4BD0-B9EE-2A3180384A19}.Release|Any CPU.ActiveCfg = Release|Any CPU
		{7519DFBD-7B42-4BD0-B9EE-2A3180384A19}.Release|Any CPU.Build.0 = Release|Any CPU
		{62BBF182-340E-4DC8-9B41-0C5DCFBF3EE9}.Debug|Any CPU.ActiveCfg = Debug|Any CPU
		{62BBF182-340E-4DC8-9B41-0C5DCFBF3EE9}.Debug|Any CPU.Build.0 = Debug|Any CPU
		{62BBF182-340E-4DC8-9B41-0C5DCFBF3EE9}.Release|Any CPU.ActiveCfg = Release|Any CPU
		{62BBF182-340E-4DC8-9B41-0C5DCFBF3EE9}.Release|Any CPU.Build.0 = Release|Any CPU
		{F2BA1785-A20A-4BFD-B59B-F53C3FAC7AAB}.Debug|Any CPU.ActiveCfg = Debug|Any CPU
		{F2BA1785-A20A-4BFD-B59B-F53C3FAC7AAB}.Debug|Any CPU.Build.0 = Debug|Any CPU
		{F2BA1785-A20A-4BFD-B59B-F53C3FAC7AAB}.Release|Any CPU.ActiveCfg = Release|Any CPU
		{F2BA1785-A20A-4BFD-B59B-F53C3FAC7AAB}.Release|Any CPU.Build.0 = Release|Any CPU
		{F9FD0656-376A-4E9E-A75E-0FEFD4E46EBB}.Debug|Any CPU.ActiveCfg = Debug|Any CPU
		{F9FD0656-376A-4E9E-A75E-0FEFD4E46EBB}.Debug|Any CPU.Build.0 = Debug|Any CPU
		{F9FD0656-376A-4E9E-A75E-0FEFD4E46EBB}.Release|Any CPU.ActiveCfg = Release|Any CPU
		{F9FD0656-376A-4E9E-A75E-0FEFD4E46EBB}.Release|Any CPU.Build.0 = Release|Any CPU
		{36BE57D2-F75D-4673-B5A4-49CA90598239}.Debug|Any CPU.ActiveCfg = Debug|Any CPU
		{36BE57D2-F75D-4673-B5A4-49CA90598239}.Debug|Any CPU.Build.0 = Debug|Any CPU
		{36BE57D2-F75D-4673-B5A4-49CA90598239}.Release|Any CPU.ActiveCfg = Release|Any CPU
		{36BE57D2-F75D-4673-B5A4-49CA90598239}.Release|Any CPU.Build.0 = Release|Any CPU
		{38B9B4F2-D65A-4062-A8DC-890A7C025630}.Debug|Any CPU.ActiveCfg = Debug|Any CPU
		{38B9B4F2-D65A-4062-A8DC-890A7C025630}.Debug|Any CPU.Build.0 = Debug|Any CPU
		{38B9B4F2-D65A-4062-A8DC-890A7C025630}.Release|Any CPU.ActiveCfg = Release|Any CPU
		{38B9B4F2-D65A-4062-A8DC-890A7C025630}.Release|Any CPU.Build.0 = Release|Any CPU
	EndGlobalSection
EndGlobal
